
Microsoft Visual Studio Solution File, Format Version 12.00
# Visual Studio Version 17
VisualStudioVersion = 17.4.33110.190
MinimumVisualStudioVersion = 10.0.40219.1
Project("{9A19103F-16F7-4668-BE54-9A1E7A4F7556}") = "webapi", "webapi\webapi.csproj", "{59E62CDE-3FF5-416C-8C54-6D1775E525D9}"
EndProject
Project("{FAE04EC0-301F-11D3-BF4B-00C04F79EFBC}") = "models", "models\models.csproj", "{7B577048-1E53-4502-9E97-87D640958507}"
EndProject
Global
	GlobalSection(SolutionConfigurationPlatforms) = preSolution
		Debug|Any CPU = Debug|Any CPU
		Release|Any CPU = Release|Any CPU
	EndGlobalSection
	GlobalSection(ProjectConfigurationPlatforms) = postSolution
		{59E62CDE-3FF5-416C-8C54-6D1775E525D9}.Debug|Any CPU.ActiveCfg = Debug|Any CPU
		{59E62CDE-3FF5-416C-8C54-6D1775E525D9}.Debug|Any CPU.Build.0 = Debug|Any CPU
		{59E62CDE-3FF5-416C-8C54-6D1775E525D9}.Release|Any CPU.ActiveCfg = Release|Any CPU
		{59E62CDE-3FF5-416C-8C54-6D1775E525D9}.Release|Any CPU.Build.0 = Release|Any CPU
		{7B577048-1E53-4502-9E97-87D640958507}.Debug|Any CPU.ActiveCfg = Debug|Any CPU
		{7B577048-1E53-4502-9E97-87D640958507}.Debug|Any CPU.Build.0 = Debug|Any CPU
		{7B577048-1E53-4502-9E97-87D640958507}.Release|Any CPU.ActiveCfg = Release|Any CPU
		{7B577048-1E53-4502-9E97-87D640958507}.Release|Any CPU.Build.0 = Release|Any CPU
	EndGlobalSection
	GlobalSection(SolutionProperties) = preSolution
		HideSolutionNode = FALSE
	EndGlobalSection
	GlobalSection(ExtensibilityGlobals) = postSolution
		SolutionGuid = {82FE97E1-BBB0-4FCC-99C2-5D7F5B602C8A}
	EndGlobalSection
EndGlobal
